
Microsoft Visual Studio Solution File, Format Version 12.00
# Visual Studio Version 17
VisualStudioVersion = 17.4.33213.308
MinimumVisualStudioVersion = 10.0.40219.1
Project("{FAE04EC0-301F-11D3-BF4B-00C04F79EFBC}") = "PlayPatternMatching", "PlayPatternMatching\PlayPatternMatching.csproj", "{F603B774-D540-454D-A04D-E9E2E9C7A2B1}"
EndProject
Global
	GlobalSection(SolutionConfigurationPlatforms) = preSolution
		Debug|Any CPU = Debug|Any CPU
		Release|Any CPU = Release|Any CPU
	EndGlobalSection
	GlobalSection(ProjectConfigurationPlatforms) = postSolution
		{F603B774-D540-454D-A04D-E9E2E9C7A2B1}.Debug|Any CPU.ActiveCfg = Debug|Any CPU
		{F603B774-D540-454D-A04D-E9E2E9C7A2B1}.Debug|Any CPU.Build.0 = Debug|Any CPU
		{F603B774-D540-454D-A04D-E9E2E9C7A2B1}.Release|Any CPU.ActiveCfg = Release|Any CPU
		{F603B774-D540-454D-A04D-E9E2E9C7A2B1}.Release|Any CPU.Build.0 = Release|Any CPU
	EndGlobalSection
	GlobalSection(SolutionProperties) = preSolution
		HideSolutionNode = FALSE
	EndGlobalSection
	GlobalSection(ExtensibilityGlobals) = postSolution
		SolutionGuid = {30C4442C-777E-42A0-A9B7-35B0E2183B2F}
	EndGlobalSection
EndGlobal
